
Microsoft Visual Studio Solution File, Format Version 12.00
# Visual Studio Version 16
VisualStudioVersion = 16.0.31025.194
MinimumVisualStudioVersion = 10.0.40219.1
Project("{FAE04EC0-301F-11D3-BF4B-00C04F79EFBC}") = "CSharpStudyWebAPI", "CSharpStudyWebAPI\CSharpStudyWebAPI.csproj", "{8E3CC7D7-7C11-467F-9CE7-A1AB8D644553}"
EndProject
Project("{FAE04EC0-301F-11D3-BF4B-00C04F79EFBC}") = "BussinesLogic", "BussinesLogic\BussinesLogic.csproj", "{DB39E14D-99F2-4906-B7B6-2C223B29556A}"
EndProject
Project("{FAE04EC0-301F-11D3-BF4B-00C04F79EFBC}") = "ViewModel", "ViewModel\ViewModel.csproj", "{C9DF17E6-B5A5-4B22-A200-50583F2DAF63}"
EndProject
Project("{FAE04EC0-301F-11D3-BF4B-00C04F79EFBC}") = "Common", "Common\Common.csproj", "{18FA914B-9F09-4ECC-A9BA-F942C779A51A}"
EndProject
Global
	GlobalSection(SolutionConfigurationPlatforms) = preSolution
		Debug|Any CPU = Debug|Any CPU
		Release|Any CPU = Release|Any CPU
	EndGlobalSection
	GlobalSection(ProjectConfigurationPlatforms) = postSolution
		{8E3CC7D7-7C11-467F-9CE7-A1AB8D644553}.Debug|Any CPU.ActiveCfg = Debug|Any CPU
		{8E3CC7D7-7C11-467F-9CE7-A1AB8D644553}.Debug|Any CPU.Build.0 = Debug|Any CPU
		{8E3CC7D7-7C11-467F-9CE7-A1AB8D644553}.Release|Any CPU.ActiveCfg = Release|Any CPU
		{8E3CC7D7-7C11-467F-9CE7-A1AB8D644553}.Release|Any CPU.Build.0 = Release|Any CPU
		{DB39E14D-99F2-4906-B7B6-2C223B29556A}.Debug|Any CPU.ActiveCfg = Debug|Any CPU
		{DB39E14D-99F2-4906-B7B6-2C223B29556A}.Debug|Any CPU.Build.0 = Debug|Any CPU
		{DB39E14D-99F2-4906-B7B6-2C223B29556A}.Release|Any CPU.ActiveCfg = Release|Any CPU
		{DB39E14D-99F2-4906-B7B6-2C223B29556A}.Release|Any CPU.Build.0 = Release|Any CPU
		{C9DF17E6-B5A5-4B22-A200-50583F2DAF63}.Debug|Any CPU.ActiveCfg = Debug|Any CPU
		{C9DF17E6-B5A5-4B22-A200-50583F2DAF63}.Debug|Any CPU.Build.0 = Debug|Any CPU
		{C9DF17E6-B5A5-4B22-A200-50583F2DAF63}.Release|Any CPU.ActiveCfg = Release|Any CPU
		{C9DF17E6-B5A5-4B22-A200-50583F2DAF63}.Release|Any CPU.Build.0 = Release|Any CPU
		{18FA914B-9F09-4ECC-A9BA-F942C779A51A}.Debug|Any CPU.ActiveCfg = Debug|Any CPU
		{18FA914B-9F09-4ECC-A9BA-F942C779A51A}.Debug|Any CPU.Build.0 = Debug|Any CPU
		{18FA914B-9F09-4ECC-A9BA-F942C779A51A}.Release|Any CPU.ActiveCfg = Release|Any CPU
		{18FA914B-9F09-4ECC-A9BA-F942C779A51A}.Release|Any CPU.Build.0 = Release|Any CPU
	EndGlobalSection
	GlobalSection(SolutionProperties) = preSolution
		HideSolutionNode = FALSE
	EndGlobalSection
	GlobalSection(ExtensibilityGlobals) = postSolution
		SolutionGuid = {43D80900-6514-4FB7-BE79-43539A8E7558}
	EndGlobalSection
EndGlobal
